{
  "name": "backend",
  "lockfileVersion": 3,
  "requires": true,
  "packages": {
    "": {
      "dependencies": {
        "datefinder": "^1.0.4",
        "uvicorn": "^0.0.1-security"
      }
    },
    "node_modules/datefinder": {
      "version": "1.0.4",
      "resolved": "https://registry.npmjs.org/datefinder/-/datefinder-1.0.4.tgz",
      "integrity": "sha512-KTuqbtqcfdM6Ag6l3cLwjXPZXgS3AOvn533A2TjTbN4MqI6lT/khUGOyl6oXpyc/QP16D2JY84Q7d7suYvM2Uw==",
      "license": "MIT"
    },
    "node_modules/uvicorn": {
      "version": "0.0.1-security",
      "resolved": "https://registry.npmjs.org/uvicorn/-/uvicorn-0.0.1-security.tgz",
      "integrity": "sha512-dDZvfAZSnLne09FhmPmAUwS6m2FA3iV9spMjZD4Lqxl3c/A8HTPhrHjqSTpWGyYReLkZmMQXEbdlw/9GHEjRKw=="
    }
  }
}
